
Microsoft Visual Studio Solution File, Format Version 12.00
# Visual Studio Version 16
VisualStudioVersion = 16.0.31129.286
MinimumVisualStudioVersion = 10.0.40219.1
Project("{8BC9CEB8-8B4A-11D0-8D11-00A0C91BC942}") = "PZ2021EXECUTABLE", "PZ2021EXECUTABLE.vcxproj", "{BD209C32-865D-413C-B885-C8FD863C8962}"
EndProject
Global
	GlobalSection(SolutionConfigurationPlatforms) = preSolution
		Debug|x64 = Debug|x64
		Debug|x86 = Debug|x86
		Release|x64 = Release|x64
		Release|x86 = Release|x86
	EndGlobalSection
	GlobalSection(ProjectConfigurationPlatforms) = postSolution
		{BD209C32-865D-413C-B885-C8FD863C8962}.Debug|x64.ActiveCfg = Debug|x64
		{BD209C32-865D-413C-B885-C8FD863C8962}.Debug|x64.Build.0 = Debug|x64
		{BD209C32-865D-413C-B885-C8FD863C8962}.Debug|x86.ActiveCfg = Debug|Win32
		{BD209C32-865D-413C-B885-C8FD863C8962}.Debug|x86.Build.0 = Debug|Win32
		{BD209C32-865D-413C-B885-C8FD863C8962}.Release|x64.ActiveCfg = Release|x64
		{BD209C32-865D-413C-B885-C8FD863C8962}.Release|x64.Build.0 = Release|x64
		{BD209C32-865D-413C-B885-C8FD863C8962}.Release|x86.ActiveCfg = Release|Win32
		{BD209C32-865D-413C-B885-C8FD863C8962}.Release|x86.Build.0 = Release|Win32
	EndGlobalSection
	GlobalSection(SolutionProperties) = preSolution
		HideSolutionNode = FALSE
	EndGlobalSection
	GlobalSection(ExtensibilityGlobals) = postSolution
		SolutionGuid = {234E30BC-28B8-4F18-871C-4F24E77E44FD}
	EndGlobalSection
EndGlobal
